PODS:
  - Capptan.EasySlider (1.0.0)

DEPENDENCIES:
  - Capptan.EasySlider (from `https://github.com/capptan/Capptan.EasySlider`)

EXTERNAL SOURCES:
  Capptan.EasySlider:
    :git: https://github.com/capptan/Capptan.EasySlider

CHECKOUT OPTIONS:
  Capptan.EasySlider:
    :commit: 5c80d957e0b76a664b6ce5c8c81b7f1a229f62ce
    :git: https://github.com/capptan/Capptan.EasySlider

SPEC CHECKSUMS:
  Capptan.EasySlider: 95810b1c022c127f1a52f3956cdaaf0406425e8b

PODFILE CHECKSUM: 38a304afd484690336529b30e1dbaad371e3304a

COCOAPODS: 1.1.1
